
Microsoft Visual Studio Solution File, Format Version 12.00
# Visual Studio Version 17
VisualStudioVersion = 17.14.36518.9 d17.14
MinimumVisualStudioVersion = 10.0.40219.1
Project("{FAE04EC0-301F-11D3-BF4B-00C04F79EFBC}") = "2025-2026 DAW 1 ED Primer Proyecto", "2025-2026 DAW 1 ED Primer Proyecto\2025-2026 DAW 1 ED Primer Proyecto.csproj", "{C7AF1541-3F32-415F-98E0-1426E0CA26B8}"
EndProject
Global
	GlobalSection(SolutionConfigurationPlatforms) = preSolution
		Debug|Any CPU = Debug|Any CPU
		Release|Any CPU = Release|Any CPU
	EndGlobalSection
	GlobalSection(ProjectConfigurationPlatforms) = postSolution
		{C7AF1541-3F32-415F-98E0-1426E0CA26B8}.Debug|Any CPU.ActiveCfg = Debug|Any CPU
		{C7AF1541-3F32-415F-98E0-1426E0CA26B8}.Debug|Any CPU.Build.0 = Debug|Any CPU
		{C7AF1541-3F32-415F-98E0-1426E0CA26B8}.Release|Any CPU.ActiveCfg = Release|Any CPU
		{C7AF1541-3F32-415F-98E0-1426E0CA26B8}.Release|Any CPU.Build.0 = Release|Any CPU
	EndGlobalSection
	GlobalSection(SolutionProperties) = preSolution
		HideSolutionNode = FALSE
	EndGlobalSection
	GlobalSection(ExtensibilityGlobals) = postSolution
		SolutionGuid = {3D4236BB-14C2-4B29-973C-7577040ED651}
	EndGlobalSection
EndGlobal
